
Microsoft Visual Studio Solution File, Format Version 12.00
# Visual Studio Version 16
VisualStudioVersion = 16.0.31025.194
MinimumVisualStudioVersion = 10.0.40219.1
Project("{FAE04EC0-301F-11D3-BF4B-00C04F79EFBC}") = "SeleniumNUnitFramework", "SeleniumNUnitFramework\SeleniumNUnitFramework.csproj", "{76E89F98-3376-402E-80B9-0AA8AAAF082E}"
EndProject
Global
	GlobalSection(SolutionConfigurationPlatforms) = preSolution
		Debug|Any CPU = Debug|Any CPU
		Release|Any CPU = Release|Any CPU
	EndGlobalSection
	GlobalSection(ProjectConfigurationPlatforms) = postSolution
		{76E89F98-3376-402E-80B9-0AA8AAAF082E}.Debug|Any CPU.ActiveCfg = Debug|Any CPU
		{76E89F98-3376-402E-80B9-0AA8AAAF082E}.Debug|Any CPU.Build.0 = Debug|Any CPU
		{76E89F98-3376-402E-80B9-0AA8AAAF082E}.Release|Any CPU.ActiveCfg = Release|Any CPU
		{76E89F98-3376-402E-80B9-0AA8AAAF082E}.Release|Any CPU.Build.0 = Release|Any CPU
	EndGlobalSection
	GlobalSection(SolutionProperties) = preSolution
		HideSolutionNode = FALSE
	EndGlobalSection
	GlobalSection(ExtensibilityGlobals) = postSolution
		SolutionGuid = {D468B080-07DF-4EBB-AE09-4A72F0258E88}
	EndGlobalSection
EndGlobal
